
Microsoft Visual Studio Solution File, Format Version 12.00
# Visual Studio 15
VisualStudioVersion = 15.0.28010.2019
MinimumVisualStudioVersion = 10.0.40219.1
Project("{888888A0-9F3D-457C-B088-3A5042F75D52}") = "Lab 1A", "BaseGameEntity\Lab 1A.pyproj", "{8B82FD5D-91EE-4633-909D-6CAD9C20B4BC}"
EndProject
Global
	GlobalSection(SolutionConfigurationPlatforms) = preSolution
		Debug|Any CPU = Debug|Any CPU
		Release|Any CPU = Release|Any CPU
	EndGlobalSection
	GlobalSection(ProjectConfigurationPlatforms) = postSolution
		{8B82FD5D-91EE-4633-909D-6CAD9C20B4BC}.Debug|Any CPU.ActiveCfg = Debug|Any CPU
		{8B82FD5D-91EE-4633-909D-6CAD9C20B4BC}.Release|Any CPU.ActiveCfg = Release|Any CPU
	EndGlobalSection
	GlobalSection(SolutionProperties) = preSolution
		HideSolutionNode = FALSE
	EndGlobalSection
	GlobalSection(ExtensibilityGlobals) = postSolution
		SolutionGuid = {8401D8CA-B104-4127-8B36-C0BDEF1035FB}
	EndGlobalSection
EndGlobal
